
Microsoft Visual Studio Solution File, Format Version 12.00
# Visual Studio Version 17
VisualStudioVersion = 17.4.33103.184
MinimumVisualStudioVersion = 10.0.40219.1
Project("{FAE04EC0-301F-11D3-BF4B-00C04F79EFBC}") = "Blog.SelfSignedJWT", "Blog.SelfSignedJWT\Blog.SelfSignedJWT.csproj", "{0708F79B-BE86-4E41-86F5-41E1C104EEC1}"
EndProject
Project("{2150E333-8FDC-42A3-9474-1A3956D46DE8}") = "Solution Items", "Solution Items", "{8914D790-DC4C-4F6A-A143-5563552549BA}"
	ProjectSection(SolutionItems) = preProject
		.editorconfig = .editorconfig
	EndProjectSection
EndProject
Global
	GlobalSection(SolutionConfigurationPlatforms) = preSolution
		Debug|Any CPU = Debug|Any CPU
		Release|Any CPU = Release|Any CPU
	EndGlobalSection
	GlobalSection(ProjectConfigurationPlatforms) = postSolution
		{0708F79B-BE86-4E41-86F5-41E1C104EEC1}.Debug|Any CPU.ActiveCfg = Debug|Any CPU
		{0708F79B-BE86-4E41-86F5-41E1C104EEC1}.Debug|Any CPU.Build.0 = Debug|Any CPU
		{0708F79B-BE86-4E41-86F5-41E1C104EEC1}.Release|Any CPU.ActiveCfg = Release|Any CPU
		{0708F79B-BE86-4E41-86F5-41E1C104EEC1}.Release|Any CPU.Build.0 = Release|Any CPU
	EndGlobalSection
	GlobalSection(SolutionProperties) = preSolution
		HideSolutionNode = FALSE
	EndGlobalSection
	GlobalSection(ExtensibilityGlobals) = postSolution
		SolutionGuid = {8AD25DA6-F49C-4505-BBF1-0645A85356D0}
	EndGlobalSection
EndGlobal
